
Microsoft Visual Studio Solution File, Format Version 12.00
# Visual Studio Version 17
VisualStudioVersion = 17.9.34622.214
MinimumVisualStudioVersion = 10.0.40219.1
Project("{FAE04EC0-301F-11D3-BF4B-00C04F79EFBC}") = "EComm", "EComm\EComm.csproj", "{89CB55F9-4BD0-4356-ADED-7DD3FC30EA2E}"
EndProject
Global
	GlobalSection(SolutionConfigurationPlatforms) = preSolution
		Debug|Any CPU = Debug|Any CPU
		Release|Any CPU = Release|Any CPU
	EndGlobalSection
	GlobalSection(ProjectConfigurationPlatforms) = postSolution
		{89CB55F9-4BD0-4356-ADED-7DD3FC30EA2E}.Debug|Any CPU.ActiveCfg = Debug|Any CPU
		{89CB55F9-4BD0-4356-ADED-7DD3FC30EA2E}.Debug|Any CPU.Build.0 = Debug|Any CPU
		{89CB55F9-4BD0-4356-ADED-7DD3FC30EA2E}.Release|Any CPU.ActiveCfg = Release|Any CPU
		{89CB55F9-4BD0-4356-ADED-7DD3FC30EA2E}.Release|Any CPU.Build.0 = Release|Any CPU
	EndGlobalSection
	GlobalSection(SolutionProperties) = preSolution
		HideSolutionNode = FALSE
	EndGlobalSection
	GlobalSection(ExtensibilityGlobals) = postSolution
		SolutionGuid = {DFBD1E22-0FD9-4BB8-8830-14F9FA016482}
	EndGlobalSection
EndGlobal
